{
  "requires": true,
  "lockfileVersion": 1,
  "dependencies": {
    "@types/codemirror": {
      "version": "0.0.98",
      "resolved": "https://registry.npmjs.org/@types/codemirror/-/codemirror-0.0.98.tgz",
      "integrity": "sha512-cbty5LPayy2vNSeuUdjNA9tggG+go5vAxmnLDRWpiZI5a+RDBi9dlozy4/jW/7P/gletbBWbQREEa7A81YxstA==",
      "requires": {
        "@types/tern": "*"
      },
      "dependencies": {
        "@types/estree": {
          "version": "0.0.45",
          "resolved": "https://registry.npmjs.org/@types/estree/-/estree-0.0.45.tgz",
          "integrity": "sha512-jnqIUKDUqJbDIUxm0Uj7bnlMnRm1T/eZ9N+AVMqhPgzrba2GhGG5o/jCTwmdPK709nEZsGoMzXEDUjcXHa3W0g=="
        },
        "@types/tern": {
          "version": "0.23.3",
          "resolved": "https://registry.npmjs.org/@types/tern/-/tern-0.23.3.tgz",
          "integrity": "sha512-imDtS4TAoTcXk0g7u4kkWqedB3E4qpjXzCpD2LU5M5NAXHzCDsypyvXSaG7mM8DKYkCRa7tFp4tS/lp/Wo7Q3w==",
          "requires": {
            "@types/estree": "*"
          }
        }
      }
    },
    "@types/dompurify": {
      "version": "2.0.4",
      "resolved": "https://registry.npmjs.org/@types/dompurify/-/dompurify-2.0.4.tgz",
      "integrity": "sha512-y6K7NyXTQvjr8hJNsAFAD8yshCsIJ0d+OYEFzULuIqWyWOKL2hRru1I+rorI5U0K4SLAROTNuSUFXPDTu278YA==",
      "requires": {
        "@types/trusted-types": "*"
      }
    },
    "@types/highlight.js": {
      "version": "9.12.4",
      "resolved": "https://registry.npmjs.org/@types/highlight.js/-/highlight.js-9.12.4.tgz",
      "integrity": "sha512-t2szdkwmg2JJyuCM20e8kR2X59WCE5Zkl4bzm1u1Oukjm79zpbiAv+QjnwLnuuV0WHEcX2NgUItu0pAMKuOPww=="
    },
    "@types/highlightjs": {
      "version": "9.12.0",
      "resolved": "https://registry.npmjs.org/@types/highlightjs/-/highlightjs-9.12.0.tgz",
      "integrity": "sha512-MmUcjkDtCBfx2BPeLLTtJ5mFmGgWk9nAgZmNesixaGHOr0tCecsTU2iUgYvhRsWJSts2WbcpAtVPuIzZ0ybJ1A==",
      "requires": {
        "@types/highlight.js": "*"
      }
    },
    "@types/jquery": {
      "version": "3.5.2",
      "resolved": "https://registry.npmjs.org/@types/jquery/-/jquery-3.5.2.tgz",
      "integrity": "sha512-+MFOdKF5Zr41t3y2wfzJvK1PrUK0KtPLAFwYownp/0nCoMIANDDu5aFSpWfb8S0ZajCSNeaBnMrBGxksXK5yeg==",
      "requires": {
        "@types/sizzle": "*"
      }
    },
    "@types/marked": {
      "version": "1.1.0",
      "resolved": "https://registry.npmjs.org/@types/marked/-/marked-1.1.0.tgz",
      "integrity": "sha512-j8XXj6/l9kFvCwMyVqozznqpd/nk80krrW+QiIJN60Uu9gX5Pvn4/qPJ2YngQrR3QREPwmrE1f9/EWKVTFzoEw=="
    },
    "@types/sizzle": {
      "version": "2.3.2",
      "resolved": "https://registry.npmjs.org/@types/sizzle/-/sizzle-2.3.2.tgz",
      "integrity": "sha512-7EJYyKTL7tFR8+gDbB6Wwz/arpGa0Mywk1TJbNzKzHtzbwVmY4HR9WqS5VV7dsBUKQmPNr192jHr/VpBluj/hg=="
    },
    "@types/trusted-types": {
      "version": "1.0.6",
      "resolved": "https://registry.npmjs.org/@types/trusted-types/-/trusted-types-1.0.6.tgz",
      "integrity": "sha512-230RC8sFeHoT6sSUlRO6a8cAnclO06eeiq1QDfiv2FGCLWFvvERWgwIQD4FWqD9A69BN7Lzee4OXwoMVnnsWDw=="
    },
    "dompurify": {
      "version": "2.1.1",
      "resolved": "https://registry.npmjs.org/dompurify/-/dompurify-2.1.1.tgz",
      "integrity": "sha512-NijiNVkS/OL8mdQL1hUbCD6uty/cgFpmNiuFxrmJ5YPH2cXrPKIewoixoji56rbZ6XBPmtM8GA8/sf9unlSuwg=="
    },
    "tslib": {
      "version": "1.14.0",
      "resolved": "https://registry.npmjs.org/tslib/-/tslib-1.14.0.tgz",
      "integrity": "sha512-+Zw5lu0D9tvBMjGP8LpvMb0u2WW2QV3y+D8mO6J+cNzCYIN4sVy43Bf9vl92nqFahutN0I8zHa7cc4vihIshnw=="
    }
  }
}
